
Microsoft Visual Studio Solution File, Format Version 12.00
# Visual Studio Version 17
VisualStudioVersion = 17.9.34616.47
MinimumVisualStudioVersion = 10.0.40219.1
Project("{FAE04EC0-301F-11D3-BF4B-00C04F79EFBC}") = "GetechnologiesMx.API", "GetechnologiesMx.API\GetechnologiesMx.API.csproj", "{FB87A264-918A-4449-AE72-7BEA666DDB1D}"
EndProject
Project("{FAE04EC0-301F-11D3-BF4B-00C04F79EFBC}") = "GetechnologiesMx.Service", "GetchnologiesMx.Service\GetechnologiesMx.Service.csproj", "{AE9BEF2A-072B-498B-99F5-5A6BBC4540F5}"
EndProject
Global
	GlobalSection(SolutionConfigurationPlatforms) = preSolution
		Debug|Any CPU = Debug|Any CPU
		Release|Any CPU = Release|Any CPU
	EndGlobalSection
	GlobalSection(ProjectConfigurationPlatforms) = postSolution
		{FB87A264-918A-4449-AE72-7BEA666DDB1D}.Debug|Any CPU.ActiveCfg = Debug|Any CPU
		{FB87A264-918A-4449-AE72-7BEA666DDB1D}.Debug|Any CPU.Build.0 = Debug|Any CPU
		{FB87A264-918A-4449-AE72-7BEA666DDB1D}.Release|Any CPU.ActiveCfg = Release|Any CPU
		{FB87A264-918A-4449-AE72-7BEA666DDB1D}.Release|Any CPU.Build.0 = Release|Any CPU
		{AE9BEF2A-072B-498B-99F5-5A6BBC4540F5}.Debug|Any CPU.ActiveCfg = Debug|Any CPU
		{AE9BEF2A-072B-498B-99F5-5A6BBC4540F5}.Debug|Any CPU.Build.0 = Debug|Any CPU
		{AE9BEF2A-072B-498B-99F5-5A6BBC4540F5}.Release|Any CPU.ActiveCfg = Release|Any CPU
		{AE9BEF2A-072B-498B-99F5-5A6BBC4540F5}.Release|Any CPU.Build.0 = Release|Any CPU
	EndGlobalSection
	GlobalSection(SolutionProperties) = preSolution
		HideSolutionNode = FALSE
	EndGlobalSection
	GlobalSection(ExtensibilityGlobals) = postSolution
		SolutionGuid = {CFE72EAE-ED37-40B4-B950-E68C40803F04}
	EndGlobalSection
EndGlobal
